{
    "_readme": [
        "This file locks the dependencies of your project to a known state",
        "Read more about it at https://getcomposer.org/doc/01-basic-usage.md#composer-lock-the-lock-file",
        "This file is @generated automatically"
    ],
    "hash": "4d76ca610a771780497792e115d229f4",
    "content-hash": "315a90168733d3927c342035640d4ba5",
    "packages": [
        {
            "name": "amitkhare/easy-router",
            "version": "dev-master",
            "source": {
                "type": "git",
                "url": "https://github.com/amitkhare/easy-router.git",
                "reference": "3266de4e78cacb215336770f6e5f77653e0814f4"
            },
            "dist": {
                "type": "zip",
                "url": "https://api.github.com/repos/amitkhare/easy-router/zipball/3266de4e78cacb215336770f6e5f77653e0814f4",
                "reference": "3266de4e78cacb215336770f6e5f77653e0814f4",
                "shasum": ""
            },
            "type": "library",
            "autoload": {
                "psr-4": {
                    "AmitKhare\\": "src/"
                }
            },
            "notification-url": "https://packagist.org/downloads/",
            "license": [
                "MIT"
            ],
            "authors": [
                {
                    "name": "Amit Kumar Khare",
                    "email": "amit@inkimagine.com"
                }
            ],
            "description": "EasyRouter is an easy to use minimal PHP routing system.",
            "homepage": "http://github.com/amitkhare/easy-router",
            "time": "2017-11-20 10:18:02"
        },
        {
            "name": "sunra/php-simple-html-dom-parser",
            "version": "v1.5.2",
            "source": {
                "type": "git",
                "url": "https://github.com/sunra/php-simple-html-dom-parser.git",
                "reference": "75b9b1cb64502d8f8c04dc11b5906b969af247c6"
            },
            "dist": {
                "type": "zip",
                "url": "https://api.github.com/repos/sunra/php-simple-html-dom-parser/zipball/75b9b1cb64502d8f8c04dc11b5906b969af247c6",
                "reference": "75b9b1cb64502d8f8c04dc11b5906b969af247c6",
                "shasum": ""
            },
            "require": {
                "ext-mbstring": "*",
                "php": ">=5.3.2"
            },
            "type": "library",
            "autoload": {
                "psr-0": {
                    "Sunra\\PhpSimple\\HtmlDomParser": "Src/"
                }
            },
            "notification-url": "https://packagist.org/downloads/",
            "license": [
                "MIT"
            ],
            "authors": [
                {
                    "name": "Sunra",
                    "email": "sunra@yandex.ru",
                    "homepage": "https://github.com/sunra"
                },
                {
                    "name": "S.C. Chen",
                    "homepage": "http://sourceforge.net/projects/simplehtmldom/"
                }
            ],
            "description": "Composer adaptation of: A HTML DOM parser written in PHP5+ let you manipulate HTML in a very easy way! Require PHP 5+. Supports invalid HTML. Find tags on an HTML page with selectors just like jQuery. Extract contents from HTML in a single line.",
            "homepage": "https://github.com/sunra/php-simple-html-dom-parser",
            "keywords": [
                "dom",
                "html",
                "parser"
            ],
            "time": "2016-11-22 22:57:47"
        }
    ],
    "packages-dev": [],
    "aliases": [],
    "minimum-stability": "stable",
    "stability-flags": {
        "amitkhare/easy-router": 20
    },
    "prefer-stable": false,
    "prefer-lowest": false,
    "platform": [],
    "platform-dev": []
}
